
Microsoft Visual Studio Solution File, Format Version 12.00
# Visual Studio Version 17
VisualStudioVersion = 17.14.36310.24 d17.14
MinimumVisualStudioVersion = 10.0.40219.1
Project("{FAE04EC0-301F-11D3-BF4B-00C04F79EFBC}") = "DrochClicker", "DrochClicker.csproj", "{AFC5969E-CA24-15F0-76E4-1B34CBF1D5A2}"
EndProject
Global
	GlobalSection(SolutionConfigurationPlatforms) = preSolution
		Debug|Any CPU = Debug|Any CPU
		Release|Any CPU = Release|Any CPU
	EndGlobalSection
	GlobalSection(ProjectConfigurationPlatforms) = postSolution
		{AFC5969E-CA24-15F0-76E4-1B34CBF1D5A2}.Debug|Any CPU.ActiveCfg = Debug|Any CPU
		{AFC5969E-CA24-15F0-76E4-1B34CBF1D5A2}.Debug|Any CPU.Build.0 = Debug|Any CPU
		{AFC5969E-CA24-15F0-76E4-1B34CBF1D5A2}.Release|Any CPU.ActiveCfg = Release|Any CPU
		{AFC5969E-CA24-15F0-76E4-1B34CBF1D5A2}.Release|Any CPU.Build.0 = Release|Any CPU
	EndGlobalSection
	GlobalSection(SolutionProperties) = preSolution
		HideSolutionNode = FALSE
	EndGlobalSection
	GlobalSection(ExtensibilityGlobals) = postSolution
		SolutionGuid = {0DC416DB-D6CC-407C-BEC1-ADEEF1B95E2A}
	EndGlobalSection
EndGlobal
